{
  "name": "e3d-netdoctor",
  "version": "0.0.0",
  "lockfileVersion": 3,
  "requires": true,
  "packages": {
    "": {
      "name": "e3d-netdoctor",
      "version": "0.0.0",
      "dependencies": {
        "e3d-pcap": "file:../e3d-pcap"
      },
      "bin": {
        "e3d-netdoctor": "bin/e3d-netdoctor.js"
      }
    },
    "../e3d-pcap": {
      "version": "0.0.0",
      "dependencies": {
        "d3-force": "^3.0.0",
        "papaparse": "^5.4.1",
        "react": "^18.3.1",
        "react-dom": "^18.3.1",
        "react-force-graph-2d": "^1.27.1",
        "react-force-graph-3d": "^1.26.1",
        "three": "^0.175.0",
        "three-spritetext": "^1.9.5"
      },
      "devDependencies": {
        "@vitejs/plugin-react": "^4.3.4",
        "vite": "^5.4.11"
      }
    },
    "node_modules/e3d-pcap": {
      "resolved": "../e3d-pcap",
      "link": true
    }
  }
}
